
Microsoft Visual Studio Solution File, Format Version 12.00
# Visual Studio Version 16
VisualStudioVersion = 16.0.30804.86
MinimumVisualStudioVersion = 10.0.40219.1
Project("{FAE04EC0-301F-11D3-BF4B-00C04F79EFBC}") = "SoftwareTechnology", "SoftwareTechnology\SoftwareTechnology.csproj", "{99995C02-B17B-4199-9111-1A1C7754AEE8}"
EndProject
Global
	GlobalSection(SolutionConfigurationPlatforms) = preSolution
		Debug|Any CPU = Debug|Any CPU
		Release|Any CPU = Release|Any CPU
	EndGlobalSection
	GlobalSection(ProjectConfigurationPlatforms) = postSolution
		{99995C02-B17B-4199-9111-1A1C7754AEE8}.Debug|Any CPU.ActiveCfg = Debug|Any CPU
		{99995C02-B17B-4199-9111-1A1C7754AEE8}.Debug|Any CPU.Build.0 = Debug|Any CPU
		{99995C02-B17B-4199-9111-1A1C7754AEE8}.Release|Any CPU.ActiveCfg = Release|Any CPU
		{99995C02-B17B-4199-9111-1A1C7754AEE8}.Release|Any CPU.Build.0 = Release|Any CPU
	EndGlobalSection
	GlobalSection(SolutionProperties) = preSolution
		HideSolutionNode = FALSE
	EndGlobalSection
	GlobalSection(ExtensibilityGlobals) = postSolution
		SolutionGuid = {C5543D05-E010-4DBE-8413-2227FEBBA68B}
	EndGlobalSection
EndGlobal
